
Microsoft Visual Studio Solution File, Format Version 12.00
Project("{FAE04EC0-301F-11D3-BF4B-00C04F79EFBC}") = "Practich2.4", "Practich2.4\Practich2.4.csproj", "{EAED7332-4086-4469-A331-03F66478203B}"
EndProject
Global
	GlobalSection(SolutionConfigurationPlatforms) = preSolution
		Debug|Any CPU = Debug|Any CPU
		Release|Any CPU = Release|Any CPU
	EndGlobalSection
	GlobalSection(ProjectConfigurationPlatforms) = postSolution
		{EAED7332-4086-4469-A331-03F66478203B}.Debug|Any CPU.ActiveCfg = Debug|Any CPU
		{EAED7332-4086-4469-A331-03F66478203B}.Debug|Any CPU.Build.0 = Debug|Any CPU
		{EAED7332-4086-4469-A331-03F66478203B}.Release|Any CPU.ActiveCfg = Release|Any CPU
		{EAED7332-4086-4469-A331-03F66478203B}.Release|Any CPU.Build.0 = Release|Any CPU
	EndGlobalSection
EndGlobal
