
Microsoft Visual Studio Solution File, Format Version 12.00
Project("{FAE04EC0-301F-11D3-BF4B-00C04F79EFBC}") = "Practich2.1", "Practich2.1\Practich2.1.csproj", "{D83ABF71-4993-4170-90A2-177921F1B559}"
EndProject
Global
	GlobalSection(SolutionConfigurationPlatforms) = preSolution
		Debug|Any CPU = Debug|Any CPU
		Release|Any CPU = Release|Any CPU
	EndGlobalSection
	GlobalSection(ProjectConfigurationPlatforms) = postSolution
		{D83ABF71-4993-4170-90A2-177921F1B559}.Debug|Any CPU.ActiveCfg = Debug|Any CPU
		{D83ABF71-4993-4170-90A2-177921F1B559}.Debug|Any CPU.Build.0 = Debug|Any CPU
		{D83ABF71-4993-4170-90A2-177921F1B559}.Release|Any CPU.ActiveCfg = Release|Any CPU
		{D83ABF71-4993-4170-90A2-177921F1B559}.Release|Any CPU.Build.0 = Release|Any CPU
	EndGlobalSection
EndGlobal
